PODS:
  - KZ_Categories (0.1.2):
    - KZ_JSON
  - KZ_JSON (0.1.2)

DEPENDENCIES:
  - KZ_Categories

SPEC REPOS:
  https://github.com/CocoaPods/Specs.git:
    - KZ_Categories
    - KZ_JSON

SPEC CHECKSUMS:
  KZ_Categories: 447b3422a265f3086d507769232b2d2360bb9b3d
  KZ_JSON: 71ee38a4e9a97b46c3c302408b9329051bb49980

PODFILE CHECKSUM: 5a56c5331a34aad4af7184de5cac341b67851d7a

COCOAPODS: 1.5.0
